// !$*UTF8*$!
{
	archiveVersion = 1;
	classes = {
	};
	objectVersion = 56;
	objects = {

/* Begin PBXBuildFile section */
		85294C922ABC37200093EF26 /* AppetizersApp.swift in Sources */ = {isa = PBXBuildFile; fileRef = 85294C912ABC37200093EF26 /* AppetizersApp.swift */; };
		85294C942ABC37200093EF26 /* AppetizerTabView.swift in Sources */ = {isa = PBXBuildFile; fileRef = 85294C932ABC37200093EF26 /* AppetizerTabView.swift */; };
		85294C962ABC37210093EF26 /* Assets.xcassets in Resources */ = {isa = PBXBuildFile; fileRef = 85294C952ABC37210093EF26 /* Assets.xcassets */; };
		85294C9A2ABC37210093EF26 /* Preview Assets.xcassets in Resources */ = {isa = PBXBuildFile; fileRef = 85294C992ABC37210093EF26 /* Preview Assets.xcassets */; };
		859503572ABC6B7500710DCD /* AppetizerView.swift in Sources */ = {isa = PBXBuildFile; fileRef = 859503562ABC6B7500710DCD /* AppetizerView.swift */; };
		859503592ABC6B8600710DCD /* ProfileView.swift in Sources */ = {isa = PBXBuildFile; fileRef = 859503582ABC6B8600710DCD /* ProfileView.swift */; };
		8595035B2ABC6B9700710DCD /* OrderView.swift in Sources */ = {isa = PBXBuildFile; fileRef = 8595035A2ABC6B9700710DCD /* OrderView.swift */; };
		859503722ABC723A00710DCD /* Rubik-SemiBold.ttf in Resources */ = {isa = PBXBuildFile; fileRef = 8595036C2ABC723A00710DCD /* Rubik-SemiBold.ttf */; };
		859503732ABC723A00710DCD /* Rubik-Light.ttf in Resources */ = {isa = PBXBuildFile; fileRef = 8595036D2ABC723A00710DCD /* Rubik-Light.ttf */; };
		859503742ABC723A00710DCD /* Rubik-Black.ttf in Resources */ = {isa = PBXBuildFile; fileRef = 8595036E2ABC723A00710DCD /* Rubik-Black.ttf */; };
		859503752ABC723A00710DCD /* Rubik-Bold.ttf in Resources */ = {isa = PBXBuildFile; fileRef = 8595036F2ABC723A00710DCD /* Rubik-Bold.ttf */; };
		859503762ABC723A00710DCD /* Rubik-Regular.ttf in Resources */ = {isa = PBXBuildFile; fileRef = 859503702ABC723A00710DCD /* Rubik-Regular.ttf */; };
		859503772ABC723A00710DCD /* Rubik-Medium.ttf in Resources */ = {isa = PBXBuildFile; fileRef = 859503712ABC723A00710DCD /* Rubik-Medium.ttf */; };
		8595037B2ABC72F700710DCD /* Resources in Frameworks */ = {isa = PBXBuildFile; productRef = 8595037A2ABC72F700710DCD /* Resources */; };
		8595037E2ABD775300710DCD /* Networking in Frameworks */ = {isa = PBXBuildFile; productRef = 8595037D2ABD775300710DCD /* Networking */; };
/* End PBXBuildFile section */

/* Begin PBXFileReference section */
		85294C8E2ABC37200093EF26 /* Appetizers.app */ = {isa = PBXFileReference; explicitFileType = wrapper.application; includeInIndex = 0; path = Appetizers.app; sourceTree = BUILT_PRODUCTS_DIR; };
		85294C912ABC37200093EF26 /* AppetizersApp.swift */ = {isa = PBXFileReference; lastKnownFileType = sourcecode.swift; path = AppetizersApp.swift; sourceTree = "<group>"; };
		85294C932ABC37200093EF26 /* AppetizerTabView.swift */ = {isa = PBXFileReference; lastKnownFileType = sourcecode.swift; path = AppetizerTabView.swift; sourceTree = "<group>"; };
		85294C952ABC37210093EF26 /* Assets.xcassets */ = {isa = PBXFileReference; lastKnownFileType = folder.assetcatalog; path = Assets.xcassets; sourceTree = "<group>"; };
		85294C972ABC37210093EF26 /* Appetizers.entitlements */ = {isa = PBXFileReference; lastKnownFileType = text.plist.entitlements; path = Appetizers.entitlements; sourceTree = "<group>"; };
		85294C992ABC37210093EF26 /* Preview Assets.xcassets */ = {isa = PBXFileReference; lastKnownFileType = folder.assetcatalog; path = "Preview Assets.xcassets"; sourceTree = "<group>"; };
		859503562ABC6B7500710DCD /* AppetizerView.swift */ = {isa = PBXFileReference; lastKnownFileType = sourcecode.swift; path = AppetizerView.swift; sourceTree = "<group>"; };
		859503582ABC6B8600710DCD /* ProfileView.swift */ = {isa = PBXFileReference; lastKnownFileType = sourcecode.swift; path = ProfileView.swift; sourceTree = "<group>"; };
		8595035A2ABC6B9700710DCD /* OrderView.swift */ = {isa = PBXFileReference; lastKnownFileType = sourcecode.swift; path = OrderView.swift; sourceTree = "<group>"; };
		8595035C2ABC6CD500710DCD /* Resources */ = {isa = PBXFileReference; lastKnownFileType = wrapper; path = Resources; sourceTree = "<group>"; };
		8595036C2ABC723A00710DCD /* Rubik-SemiBold.ttf */ = {isa = PBXFileReference; lastKnownFileType = file; path = "Rubik-SemiBold.ttf"; sourceTree = "<group>"; };
		8595036D2ABC723A00710DCD /* Rubik-Light.ttf */ = {isa = PBXFileReference; lastKnownFileType = file; path = "Rubik-Light.ttf"; sourceTree = "<group>"; };
		8595036E2ABC723A00710DCD /* Rubik-Black.ttf */ = {isa = PBXFileReference; lastKnownFileType = file; path = "Rubik-Black.ttf"; sourceTree = "<group>"; };
		8595036F2ABC723A00710DCD /* Rubik-Bold.ttf */ = {isa = PBXFileReference; lastKnownFileType = file; path = "Rubik-Bold.ttf"; sourceTree = "<group>"; };
		859503702ABC723A00710DCD /* Rubik-Regular.ttf */ = {isa = PBXFileReference; lastKnownFileType = file; path = "Rubik-Regular.ttf"; sourceTree = "<group>"; };
		859503712ABC723A00710DCD /* Rubik-Medium.ttf */ = {isa = PBXFileReference; lastKnownFileType = file; path = "Rubik-Medium.ttf"; sourceTree = "<group>"; };
		859503782ABC724600710DCD /* Info.plist */ = {isa = PBXFileReference; lastKnownFileType = text.plist; path = Info.plist; sourceTree = "<group>"; };
		8595037C2ABD773200710DCD /* Networking */ = {isa = PBXFileReference; lastKnownFileType = wrapper; path = Networking; sourceTree = "<group>"; };
/* End PBXFileReference section */

/* Begin PBXFrameworksBuildPhase section */
		85294C8B2ABC37200093EF26 /* Frameworks */ = {
			isa = PBXFrameworksBuildPhase;
			buildActionMask = 2147483647;
			files = (
				8595037E2ABD775300710DCD /* Networking in Frameworks */,
				8595037B2ABC72F700710DCD /* Resources in Frameworks */,
			);
			runOnlyForDeploymentPostprocessing = 0;
		};
/* End PBXFrameworksBuildPhase section */

/* Begin PBXGroup section */
		85294C852ABC37200093EF26 = {
			isa = PBXGroup;
			children = (
				8595035D2ABC6CE400710DCD /* Packages */,
				85294C902ABC37200093EF26 /* Appetizers */,
				85294C8F2ABC37200093EF26 /* Products */,
				859503792ABC72F700710DCD /* Frameworks */,
			);
			sourceTree = "<group>";
		};
		85294C8F2ABC37200093EF26 /* Products */ = {
			isa = PBXGroup;
			children = (
				85294C8E2ABC37200093EF26 /* Appetizers.app */,
			);
			name = Products;
			sourceTree = "<group>";
		};
		85294C902ABC37200093EF26 /* Appetizers */ = {
			isa = PBXGroup;
			children = (
				85A92A082AC1AE18009E708E /* App */,
				8595036A2ABC71BF00710DCD /* Resources */,
				85A92A062AC1ADF2009E708E /* Pages */,
				85294C972ABC37210093EF26 /* Appetizers.entitlements */,
				85294C982ABC37210093EF26 /* Preview Content */,
				85A92A052AC1AD8F009E708E /* Supporting Files */,
			);
			path = Appetizers;
			sourceTree = "<group>";
		};
		85294C982ABC37210093EF26 /* Preview Content */ = {
			isa = PBXGroup;
			children = (
				85294C992ABC37210093EF26 /* Preview Assets.xcassets */,
			);
			path = "Preview Content";
			sourceTree = "<group>";
		};
		8595035D2ABC6CE400710DCD /* Packages */ = {
			isa = PBXGroup;
			children = (
				8595037C2ABD773200710DCD /* Networking */,
				8595035C2ABC6CD500710DCD /* Resources */,
			);
			name = Packages;
			sourceTree = "<group>";
		};
		8595036A2ABC71BF00710DCD /* Resources */ = {
			isa = PBXGroup;
			children = (
				85294C952ABC37210093EF26 /* Assets.xcassets */,
				8595036B2ABC71C500710DCD /* Fonts */,
			);
			path = Resources;
			sourceTree = "<group>";
		};
		8595036B2ABC71C500710DCD /* Fonts */ = {
			isa = PBXGroup;
			children = (
				8595036E2ABC723A00710DCD /* Rubik-Black.ttf */,
				8595036F2ABC723A00710DCD /* Rubik-Bold.ttf */,
				8595036D2ABC723A00710DCD /* Rubik-Light.ttf */,
				859503712ABC723A00710DCD /* Rubik-Medium.ttf */,
				859503702ABC723A00710DCD /* Rubik-Regular.ttf */,
				8595036C2ABC723A00710DCD /* Rubik-SemiBold.ttf */,
			);
			path = Fonts;
			sourceTree = "<group>";
		};
		859503792ABC72F700710DCD /* Frameworks */ = {
			isa = PBXGroup;
			children = (
			);
			name = Frameworks;
			sourceTree = "<group>";
		};
		85A92A052AC1AD8F009E708E /* Supporting Files */ = {
			isa = PBXGroup;
			children = (
				859503782ABC724600710DCD /* Info.plist */,
			);
			name = "Supporting Files";
			sourceTree = "<group>";
		};
		85A92A062AC1ADF2009E708E /* Pages */ = {
			isa = PBXGroup;
			children = (
				85A92A072AC1AE0A009E708E /* RootPage */,
				859503562ABC6B7500710DCD /* AppetizerView.swift */,
				859503582ABC6B8600710DCD /* ProfileView.swift */,
				8595035A2ABC6B9700710DCD /* OrderView.swift */,
			);
			path = Pages;
			sourceTree = "<group>";
		};
		85A92A072AC1AE0A009E708E /* RootPage */ = {
			isa = PBXGroup;
			children = (
				85294C932ABC37200093EF26 /* AppetizerTabView.swift */,
			);
			path = RootPage;
			sourceTree = "<group>";
		};
		85A92A082AC1AE18009E708E /* App */ = {
			isa = PBXGroup;
			children = (
				85294C912ABC37200093EF26 /* AppetizersApp.swift */,
			);
			path = App;
			sourceTree = "<group>";
		};
/* End PBXGroup section */

/* Begin PBXNativeTarget section */
		85294C8D2ABC37200093EF26 /* Appetizers */ = {
			isa = PBXNativeTarget;
			buildConfigurationList = 85294C9D2ABC37210093EF26 /* Build configuration list for PBXNativeTarget "Appetizers" */;
			buildPhases = (
				85294C8A2ABC37200093EF26 /* Sources */,
				85294C8B2ABC37200093EF26 /* Frameworks */,
				85294C8C2ABC37200093EF26 /* Resources */,
			);
			buildRules = (
			);
			dependencies = (
			);
			name = Appetizers;
			packageProductDependencies = (
				8595037A2ABC72F700710DCD /* Resources */,
				8595037D2ABD775300710DCD /* Networking */,
			);
			productName = Appetizers;
			productReference = 85294C8E2ABC37200093EF26 /* Appetizers.app */;
			productType = "com.apple.product-type.application";
		};
/* End PBXNativeTarget section */

/* Begin PBXProject section */
		85294C862ABC37200093EF26 /* Project object */ = {
			isa = PBXProject;
			attributes = {
				BuildIndependentTargetsInParallel = 1;
				LastSwiftUpdateCheck = 1500;
				LastUpgradeCheck = 1500;
				TargetAttributes = {
					85294C8D2ABC37200093EF26 = {
						CreatedOnToolsVersion = 15.0;
					};
				};
			};
			buildConfigurationList = 85294C892ABC37200093EF26 /* Build configuration list for PBXProject "Appetizers" */;
			compatibilityVersion = "Xcode 14.0";
			developmentRegion = en;
			hasScannedForEncodings = 0;
			knownRegions = (
				en,
				Base,
			);
			mainGroup = 85294C852ABC37200093EF26;
			productRefGroup = 85294C8F2ABC37200093EF26 /* Products */;
			projectDirPath = "";
			projectRoot = "";
			targets = (
				85294C8D2ABC37200093EF26 /* Appetizers */,
			);
		};
/* End PBXProject section */

/* Begin PBXResourcesBuildPhase section */
		85294C8C2ABC37200093EF26 /* Resources */ = {
			isa = PBXResourcesBuildPhase;
			buildActionMask = 2147483647;
			files = (
				859503722ABC723A00710DCD /* Rubik-SemiBold.ttf in Resources */,
				859503762ABC723A00710DCD /* Rubik-Regular.ttf in Resources */,
				859503752ABC723A00710DCD /* Rubik-Bold.ttf in Resources */,
				859503732ABC723A00710DCD /* Rubik-Light.ttf in Resources */,
				85294C9A2ABC37210093EF26 /* Preview Assets.xcassets in Resources */,
				859503742ABC723A00710DCD /* Rubik-Black.ttf in Resources */,
				85294C962ABC37210093EF26 /* Assets.xcassets in Resources */,
				859503772ABC723A00710DCD /* Rubik-Medium.ttf in Resources */,
			);
			runOnlyForDeploymentPostprocessing = 0;
		};
/* End PBXResourcesBuildPhase section */

/* Begin PBXSourcesBuildPhase section */
		85294C8A2ABC37200093EF26 /* Sources */ = {
			isa = PBXSourcesBuildPhase;
			buildActionMask = 2147483647;
			files = (
				859503592ABC6B8600710DCD /* ProfileView.swift in Sources */,
				859503572ABC6B7500710DCD /* AppetizerView.swift in Sources */,
				85294C942ABC37200093EF26 /* AppetizerTabView.swift in Sources */,
				85294C922ABC37200093EF26 /* AppetizersApp.swift in Sources */,
				8595035B2ABC6B9700710DCD /* OrderView.swift in Sources */,
			);
			runOnlyForDeploymentPostprocessing = 0;
		};
/* End PBXSourcesBuildPhase section */

/* Begin XCBuildConfiguration section */
		85294C9B2ABC37210093EF26 /* Debug */ = {
			isa = XCBuildConfiguration;
			buildSettings = {
				ALWAYS_SEARCH_USER_PATHS = NO;
				ASSETCATALOG_COMPILER_GENERATE_SWIFT_ASSET_SYMBOL_EXTENSIONS = YES;
				CLANG_ANALYZER_NONNULL = YES;
				CLANG_ANALYZER_NUMBER_OBJECT_CONVERSION = YES_AGGRESSIVE;
				CLANG_CXX_LANGUAGE_STANDARD = "gnu++20";
				CLANG_ENABLE_MODULES = YES;
				CLANG_ENABLE_OBJC_ARC = YES;
				CLANG_ENABLE_OBJC_WEAK = YES;
				CLANG_WARN_BLOCK_CAPTURE_AUTORELEASING = YES;
				CLANG_WARN_BOOL_CONVERSION = YES;
				CLANG_WARN_COMMA = YES;
				CLANG_WARN_CONSTANT_CONVERSION = YES;
				CLANG_WARN_DEPRECATED_OBJC_IMPLEMENTATIONS = YES;
				CLANG_WARN_DIRECT_OBJC_ISA_USAGE = YES_ERROR;
				CLANG_WARN_DOCUMENTATION_COMMENTS = YES;
				CLANG_WARN_EMPTY_BODY = YES;
				CLANG_WARN_ENUM_CONVERSION = YES;
				CLANG_WARN_INFINITE_RECURSION = YES;
				CLANG_WARN_INT_CONVERSION = YES;
				CLANG_WARN_NON_LITERAL_NULL_CONVERSION = YES;
				CLANG_WARN_OBJC_IMPLICIT_RETAIN_SELF = YES;
				CLANG_WARN_OBJC_LITERAL_CONVERSION = YES;
				CLANG_WARN_OBJC_ROOT_CLASS = YES_ERROR;
				CLANG_WARN_QUOTED_INCLUDE_IN_FRAMEWORK_HEADER = YES;
				CLANG_WARN_RANGE_LOOP_ANALYSIS = YES;
				CLANG_WARN_STRICT_PROTOTYPES = YES;
				CLANG_WARN_SUSPICIOUS_MOVE = YES;
				CLANG_WARN_UNGUARDED_AVAILABILITY = YES_AGGRESSIVE;
				CLANG_WARN_UNREACHABLE_CODE = YES;
				CLANG_WARN__DUPLICATE_METHOD_MATCH = YES;
				COPY_PHASE_STRIP = NO;
				DEBUG_INFORMATION_FORMAT = dwarf;
				ENABLE_STRICT_OBJC_MSGSEND = YES;
				ENABLE_TESTABILITY = YES;
				ENABLE_USER_SCRIPT_SANDBOXING = YES;
				GCC_C_LANGUAGE_STANDARD = gnu17;
				GCC_DYNAMIC_NO_PIC = NO;
				GCC_NO_COMMON_BLOCKS = YES;
				GCC_OPTIMIZATION_LEVEL = 0;
				GCC_PREPROCESSOR_DEFINITIONS = (
					"DEBUG=1",
					"$(inherited)",
				);
				GCC_WARN_64_TO_32_BIT_CONVERSION = YES;
				GCC_WARN_ABOUT_RETURN_TYPE = YES_ERROR;
				GCC_WARN_UNDECLARED_SELECTOR = YES;
				GCC_WARN_UNINITIALIZED_AUTOS = YES_AGGRESSIVE;
				GCC_WARN_UNUSED_FUNCTION = YES;
				GCC_WARN_UNUSED_VARIABLE = YES;
				IPHONEOS_DEPLOYMENT_TARGET = 17.0;
				LOCALIZATION_PREFERS_STRING_CATALOGS = YES;
				MACOSX_DEPLOYMENT_TARGET = 14.0;
				MTL_ENABLE_DEBUG_INFO = INCLUDE_SOURCE;
				MTL_FAST_MATH = YES;
				ONLY_ACTIVE_ARCH = YES;
				SWIFT_ACTIVE_COMPILATION_CONDITIONS = "DEBUG $(inherited)";
				SWIFT_OPTIMIZATION_LEVEL = "-Onone";
			};
			name = Debug;
		};
		85294C9C2ABC37210093EF26 /* Release */ = {
			isa = XCBuildConfiguration;
			buildSettings = {
				ALWAYS_SEARCH_USER_PATHS = NO;
				ASSETCATALOG_COMPILER_GENERATE_SWIFT_ASSET_SYMBOL_EXTENSIONS = YES;
				CLANG_ANALYZER_NONNULL = YES;
				CLANG_ANALYZER_NUMBER_OBJECT_CONVERSION = YES_AGGRESSIVE;
				CLANG_CXX_LANGUAGE_STANDARD = "gnu++20";
				CLANG_ENABLE_MODULES = YES;
				CLANG_ENABLE_OBJC_ARC = YES;
				CLANG_ENABLE_OBJC_WEAK = YES;
				CLANG_WARN_BLOCK_CAPTURE_AUTORELEASING = YES;
				CLANG_WARN_BOOL_CONVERSION = YES;
				CLANG_WARN_COMMA = YES;
				CLANG_WARN_CONSTANT_CONVERSION = YES;
				CLANG_WARN_DEPRECATED_OBJC_IMPLEMENTATIONS = YES;
				CLANG_WARN_DIRECT_OBJC_ISA_USAGE = YES_ERROR;
				CLANG_WARN_DOCUMENTATION_COMMENTS = YES;
				CLANG_WARN_EMPTY_BODY = YES;
				CLANG_WARN_ENUM_CONVERSION = YES;
				CLANG_WARN_INFINITE_RECURSION = YES;
				CLANG_WARN_INT_CONVERSION = YES;
				CLANG_WARN_NON_LITERAL_NULL_CONVERSION = YES;
				CLANG_WARN_OBJC_IMPLICIT_RETAIN_SELF = YES;
				CLANG_WARN_OBJC_LITERAL_CONVERSION = YES;
				CLANG_WARN_OBJC_ROOT_CLASS = YES_ERROR;
				CLANG_WARN_QUOTED_INCLUDE_IN_FRAMEWORK_HEADER = YES;
				CLANG_WARN_RANGE_LOOP_ANALYSIS = YES;
				CLANG_WARN_STRICT_PROTOTYPES = YES;
				CLANG_WARN_SUSPICIOUS_MOVE = YES;
				CLANG_WARN_UNGUARDED_AVAILABILITY = YES_AGGRESSIVE;
				CLANG_WARN_UNREACHABLE_CODE = YES;
				CLANG_WARN__DUPLICATE_METHOD_MATCH = YES;
				COPY_PHASE_STRIP = NO;
				DEBUG_INFORMATION_FORMAT = "dwarf-with-dsym";
				ENABLE_NS_ASSERTIONS = NO;
				ENABLE_STRICT_OBJC_MSGSEND = YES;
				ENABLE_USER_SCRIPT_SANDBOXING = YES;
				GCC_C_LANGUAGE_STANDARD = gnu17;
				GCC_NO_COMMON_BLOCKS = YES;
				GCC_WARN_64_TO_32_BIT_CONVERSION = YES;
				GCC_WARN_ABOUT_RETURN_TYPE = YES_ERROR;
				GCC_WARN_UNDECLARED_SELECTOR = YES;
				GCC_WARN_UNINITIALIZED_AUTOS = YES_AGGRESSIVE;
				GCC_WARN_UNUSED_FUNCTION = YES;
				GCC_WARN_UNUSED_VARIABLE = YES;
				IPHONEOS_DEPLOYMENT_TARGET = 17.0;
				LOCALIZATION_PREFERS_STRING_CATALOGS = YES;
				MACOSX_DEPLOYMENT_TARGET = 14.0;
				MTL_ENABLE_DEBUG_INFO = NO;
				MTL_FAST_MATH = YES;
				SWIFT_COMPILATION_MODE = wholemodule;
			};
			name = Release;
		};
		85294C9E2ABC37210093EF26 /* Debug */ = {
			isa = XCBuildConfiguration;
			buildSettings = {
				ASSETCATALOG_COMPILER_APPICON_NAME = AppIcon;
				ASSETCATALOG_COMPILER_GLOBAL_ACCENT_COLOR_NAME = AccentColor;
				CODE_SIGN_ENTITLEMENTS = Appetizers/Appetizers.entitlements;
				CODE_SIGN_STYLE = Automatic;
				CURRENT_PROJECT_VERSION = 1;
				DEVELOPMENT_ASSET_PATHS = "\"Appetizers/Preview Content\"";
				DEVELOPMENT_TEAM = 3486U5967B;
				ENABLE_HARDENED_RUNTIME = YES;
				ENABLE_PREVIEWS = YES;
				GENERATE_INFOPLIST_FILE = YES;
				INFOPLIST_FILE = Appetizers/Info.plist;
				"INFOPLIST_KEY_UIApplicationSceneManifest_Generation[sdk=iphoneos*]" = YES;
				"INFOPLIST_KEY_UIApplicationSceneManifest_Generation[sdk=iphonesimulator*]" = YES;
				"INFOPLIST_KEY_UIApplicationSupportsIndirectInputEvents[sdk=iphoneos*]" = YES;
				"INFOPLIST_KEY_UIApplicationSupportsIndirectInputEvents[sdk=iphonesimulator*]" = YES;
				"INFOPLIST_KEY_UILaunchScreen_Generation[sdk=iphoneos*]" = YES;
				"INFOPLIST_KEY_UILaunchScreen_Generation[sdk=iphonesimulator*]" = YES;
				"INFOPLIST_KEY_UIStatusBarStyle[sdk=iphoneos*]" = UIStatusBarStyleDefault;
				"INFOPLIST_KEY_UIStatusBarStyle[sdk=iphonesimulator*]" = UIStatusBarStyleDefault;
				INFOPLIST_KEY_UISupportedInterfaceOrientations_iPad = "UIInterfaceOrientationPortrait UIInterfaceOrientationPortraitUpsideDown UIInterfaceOrientationLandscapeLeft UIInterfaceOrientationLandscapeRight";
				INFOPLIST_KEY_UISupportedInterfaceOrientations_iPhone = "UIInterfaceOrientationPortrait UIInterfaceOrientationLandscapeLeft UIInterfaceOrientationLandscapeRight";
				IPHONEOS_DEPLOYMENT_TARGET = 17.0;
				LD_RUNPATH_SEARCH_PATHS = "@executable_path/Frameworks";
				"LD_RUNPATH_SEARCH_PATHS[sdk=macosx*]" = "@executable_path/../Frameworks";
				MACOSX_DEPLOYMENT_TARGET = 13.5;
				MARKETING_VERSION = 1.0;
				PRODUCT_BUNDLE_IDENTIFIER = com.cemozturk.Appetizers;
				PRODUCT_NAME = "$(TARGET_NAME)";
				SDKROOT = auto;
				SUPPORTED_PLATFORMS = "iphoneos iphonesimulator macosx";
				SWIFT_EMIT_LOC_STRINGS = YES;
				SWIFT_VERSION = 5.0;
				TARGETED_DEVICE_FAMILY = "1,2";
			};
			name = Debug;
		};
		85294C9F2ABC37210093EF26 /* Release */ = {
			isa = XCBuildConfiguration;
			buildSettings = {
				ASSETCATALOG_COMPILER_APPICON_NAME = AppIcon;
				ASSETCATALOG_COMPILER_GLOBAL_ACCENT_COLOR_NAME = AccentColor;
				CODE_SIGN_ENTITLEMENTS = Appetizers/Appetizers.entitlements;
				CODE_SIGN_STYLE = Automatic;
				CURRENT_PROJECT_VERSION = 1;
				DEVELOPMENT_ASSET_PATHS = "\"Appetizers/Preview Content\"";
				DEVELOPMENT_TEAM = 3486U5967B;
				ENABLE_HARDENED_RUNTIME = YES;
				ENABLE_PREVIEWS = YES;
				GENERATE_INFOPLIST_FILE = YES;
				INFOPLIST_FILE = Appetizers/Info.plist;
				"INFOPLIST_KEY_UIApplicationSceneManifest_Generation[sdk=iphoneos*]" = YES;
				"INFOPLIST_KEY_UIApplicationSceneManifest_Generation[sdk=iphonesimulator*]" = YES;
				"INFOPLIST_KEY_UIApplicationSupportsIndirectInputEvents[sdk=iphoneos*]" = YES;
				"INFOPLIST_KEY_UIApplicationSupportsIndirectInputEvents[sdk=iphonesimulator*]" = YES;
				"INFOPLIST_KEY_UILaunchScreen_Generation[sdk=iphoneos*]" = YES;
				"INFOPLIST_KEY_UILaunchScreen_Generation[sdk=iphonesimulator*]" = YES;
				"INFOPLIST_KEY_UIStatusBarStyle[sdk=iphoneos*]" = UIStatusBarStyleDefault;
				"INFOPLIST_KEY_UIStatusBarStyle[sdk=iphonesimulator*]" = UIStatusBarStyleDefault;
				INFOPLIST_KEY_UISupportedInterfaceOrientations_iPad = "UIInterfaceOrientationPortrait UIInterfaceOrientationPortraitUpsideDown UIInterfaceOrientationLandscapeLeft UIInterfaceOrientationLandscapeRight";
				INFOPLIST_KEY_UISupportedInterfaceOrientations_iPhone = "UIInterfaceOrientationPortrait UIInterfaceOrientationLandscapeLeft UIInterfaceOrientationLandscapeRight";
				IPHONEOS_DEPLOYMENT_TARGET = 17.0;
				LD_RUNPATH_SEARCH_PATHS = "@executable_path/Frameworks";
				"LD_RUNPATH_SEARCH_PATHS[sdk=macosx*]" = "@executable_path/../Frameworks";
				MACOSX_DEPLOYMENT_TARGET = 13.5;
				MARKETING_VERSION = 1.0;
				PRODUCT_BUNDLE_IDENTIFIER = com.cemozturk.Appetizers;
				PRODUCT_NAME = "$(TARGET_NAME)";
				SDKROOT = auto;
				SUPPORTED_PLATFORMS = "iphoneos iphonesimulator macosx";
				SWIFT_EMIT_LOC_STRINGS = YES;
				SWIFT_VERSION = 5.0;
				TARGETED_DEVICE_FAMILY = "1,2";
			};
			name = Release;
		};
/* End XCBuildConfiguration section */

/* Begin XCConfigurationList section */
		85294C892ABC37200093EF26 /* Build configuration list for PBXProject "Appetizers" */ = {
			isa = XCConfigurationList;
			buildConfigurations = (
				85294C9B2ABC37210093EF26 /* Debug */,
				85294C9C2ABC37210093EF26 /* Release */,
			);
			defaultConfigurationIsVisible = 0;
			defaultConfigurationName = Release;
		};
		85294C9D2ABC37210093EF26 /* Build configuration list for PBXNativeTarget "Appetizers" */ = {
			isa = XCConfigurationList;
			buildConfigurations = (
				85294C9E2ABC37210093EF26 /* Debug */,
				85294C9F2ABC37210093EF26 /* Release */,
			);
			defaultConfigurationIsVisible = 0;
			defaultConfigurationName = Release;
		};
/* End XCConfigurationList section */

/* Begin XCSwiftPackageProductDependency section */
		8595037A2ABC72F700710DCD /* Resources */ = {
			isa = XCSwiftPackageProductDependency;
			productName = Resources;
		};
		8595037D2ABD775300710DCD /* Networking */ = {
			isa = XCSwiftPackageProductDependency;
			productName = Networking;
		};
/* End XCSwiftPackageProductDependency section */
	};
	rootObject = 85294C862ABC37200093EF26 /* Project object */;
}
